
Microsoft Visual Studio Solution File, Format Version 12.00
# Visual Studio Version 17
VisualStudioVersion = 17.3.32804.467
MinimumVisualStudioVersion = 10.0.40219.1
Project("{FAE04EC0-301F-11D3-BF4B-00C04F79EFBC}") = "Bootweb", "Bootweb\Bootweb.csproj", "{2DE07922-453A-4B00-B7D7-61E8A9D4EA26}"
EndProject
Global
	GlobalSection(SolutionConfigurationPlatforms) = preSolution
		Debug|Any CPU = Debug|Any CPU
		Release|Any CPU = Release|Any CPU
	EndGlobalSection
	GlobalSection(ProjectConfigurationPlatforms) = postSolution
		{2DE07922-453A-4B00-B7D7-61E8A9D4EA26}.Debug|Any CPU.ActiveCfg = Debug|Any CPU
		{2DE07922-453A-4B00-B7D7-61E8A9D4EA26}.Debug|Any CPU.Build.0 = Debug|Any CPU
		{2DE07922-453A-4B00-B7D7-61E8A9D4EA26}.Release|Any CPU.ActiveCfg = Release|Any CPU
		{2DE07922-453A-4B00-B7D7-61E8A9D4EA26}.Release|Any CPU.Build.0 = Release|Any CPU
	EndGlobalSection
	GlobalSection(SolutionProperties) = preSolution
		HideSolutionNode = FALSE
	EndGlobalSection
	GlobalSection(ExtensibilityGlobals) = postSolution
		SolutionGuid = {9306AFFE-F3AD-4E31-8411-FB5AE6724118}
	EndGlobalSection
EndGlobal
